
Microsoft Visual Studio Solution File, Format Version 12.00
# Visual Studio Version 17
VisualStudioVersion = 17.0.31903.59
MinimumVisualStudioVersion = 10.0.40219.1
Project("{FAE04EC0-301F-11D3-BF4B-00C04F79EFBC}") = "CricketStats.API", "CricketStats.API\CricketStats.API.csproj", "{3DD589ED-8162-41FA-9F9C-59576F1DDC48}"
EndProject
Project("{FAE04EC0-301F-11D3-BF4B-00C04F79EFBC}") = "CricketStats.Application", "CricketStats.Application\CricketStats.Application.csproj", "{CF5DF745-4C74-4A3F-82D8-5DB6DC0724E9}"
EndProject
Project("{FAE04EC0-301F-11D3-BF4B-00C04F79EFBC}") = "CricketStats.Domain", "CricketStats.Domain\CricketStats.Domain.csproj", "{350D5E10-92AE-4BC2-B1CD-C299C4362FDB}"
EndProject
Project("{FAE04EC0-301F-11D3-BF4B-00C04F79EFBC}") = "CricketStats.Infrastructure", "CricketStats.Infrastructure\CricketStats.Infrastructure.csproj", "{B12EB35F-4729-45CB-AFE6-93794A476CC0}"
EndProject
Global
	GlobalSection(SolutionConfigurationPlatforms) = preSolution
		Debug|Any CPU = Debug|Any CPU
		Debug|x64 = Debug|x64
		Debug|x86 = Debug|x86
		Release|Any CPU = Release|Any CPU
		Release|x64 = Release|x64
		Release|x86 = Release|x86
	EndGlobalSection
	GlobalSection(ProjectConfigurationPlatforms) = postSolution
		{3DD589ED-8162-41FA-9F9C-59576F1DDC48}.Debug|Any CPU.ActiveCfg = Debug|Any CPU
		{3DD589ED-8162-41FA-9F9C-59576F1DDC48}.Debug|Any CPU.Build.0 = Debug|Any CPU
		{3DD589ED-8162-41FA-9F9C-59576F1DDC48}.Debug|x64.ActiveCfg = Debug|Any CPU
		{3DD589ED-8162-41FA-9F9C-59576F1DDC48}.Debug|x64.Build.0 = Debug|Any CPU
		{3DD589ED-8162-41FA-9F9C-59576F1DDC48}.Debug|x86.ActiveCfg = Debug|Any CPU
		{3DD589ED-8162-41FA-9F9C-59576F1DDC48}.Debug|x86.Build.0 = Debug|Any CPU
		{3DD589ED-8162-41FA-9F9C-59576F1DDC48}.Release|Any CPU.ActiveCfg = Release|Any CPU
		{3DD589ED-8162-41FA-9F9C-59576F1DDC48}.Release|Any CPU.Build.0 = Release|Any CPU
		{3DD589ED-8162-41FA-9F9C-59576F1DDC48}.Release|x64.ActiveCfg = Release|Any CPU
		{3DD589ED-8162-41FA-9F9C-59576F1DDC48}.Release|x64.Build.0 = Release|Any CPU
		{3DD589ED-8162-41FA-9F9C-59576F1DDC48}.Release|x86.ActiveCfg = Release|Any CPU
		{3DD589ED-8162-41FA-9F9C-59576F1DDC48}.Release|x86.Build.0 = Release|Any CPU
		{CF5DF745-4C74-4A3F-82D8-5DB6DC0724E9}.Debug|Any CPU.ActiveCfg = Debug|Any CPU
		{CF5DF745-4C74-4A3F-82D8-5DB6DC0724E9}.Debug|Any CPU.Build.0 = Debug|Any CPU
		{CF5DF745-4C74-4A3F-82D8-5DB6DC0724E9}.Debug|x64.ActiveCfg = Debug|Any CPU
		{CF5DF745-4C74-4A3F-82D8-5DB6DC0724E9}.Debug|x64.Build.0 = Debug|Any CPU
		{CF5DF745-4C74-4A3F-82D8-5DB6DC0724E9}.Debug|x86.ActiveCfg = Debug|Any CPU
		{CF5DF745-4C74-4A3F-82D8-5DB6DC0724E9}.Debug|x86.Build.0 = Debug|Any CPU
		{CF5DF745-4C74-4A3F-82D8-5DB6DC0724E9}.Release|Any CPU.ActiveCfg = Release|Any CPU
		{CF5DF745-4C74-4A3F-82D8-5DB6DC0724E9}.Release|Any CPU.Build.0 = Release|Any CPU
		{CF5DF745-4C74-4A3F-82D8-5DB6DC0724E9}.Release|x64.ActiveCfg = Release|Any CPU
		{CF5DF745-4C74-4A3F-82D8-5DB6DC0724E9}.Release|x64.Build.0 = Release|Any CPU
		{CF5DF745-4C74-4A3F-82D8-5DB6DC0724E9}.Release|x86.ActiveCfg = Release|Any CPU
		{CF5DF745-4C74-4A3F-82D8-5DB6DC0724E9}.Release|x86.Build.0 = Release|Any CPU
		{350D5E10-92AE-4BC2-B1CD-C299C4362FDB}.Debug|Any CPU.ActiveCfg = Debug|Any CPU
		{350D5E10-92AE-4BC2-B1CD-C299C4362FDB}.Debug|Any CPU.Build.0 = Debug|Any CPU
		{350D5E10-92AE-4BC2-B1CD-C299C4362FDB}.Debug|x64.ActiveCfg = Debug|Any CPU
		{350D5E10-92AE-4BC2-B1CD-C299C4362FDB}.Debug|x64.Build.0 = Debug|Any CPU
		{350D5E10-92AE-4BC2-B1CD-C299C4362FDB}.Debug|x86.ActiveCfg = Debug|Any CPU
		{350D5E10-92AE-4BC2-B1CD-C299C4362FDB}.Debug|x86.Build.0 = Debug|Any CPU
		{350D5E10-92AE-4BC2-B1CD-C299C4362FDB}.Release|Any CPU.ActiveCfg = Release|Any CPU
		{350D5E10-92AE-4BC2-B1CD-C299C4362FDB}.Release|Any CPU.Build.0 = Release|Any CPU
		{350D5E10-92AE-4BC2-B1CD-C299C4362FDB}.Release|x64.ActiveCfg = Release|Any CPU
		{350D5E10-92AE-4BC2-B1CD-C299C4362FDB}.Release|x64.Build.0 = Release|Any CPU
		{350D5E10-92AE-4BC2-B1CD-C299C4362FDB}.Release|x86.ActiveCfg = Release|Any CPU
		{350D5E10-92AE-4BC2-B1CD-C299C4362FDB}.Release|x86.Build.0 = Release|Any CPU
		{B12EB35F-4729-45CB-AFE6-93794A476CC0}.Debug|Any CPU.ActiveCfg = Debug|Any CPU
		{B12EB35F-4729-45CB-AFE6-93794A476CC0}.Debug|Any CPU.Build.0 = Debug|Any CPU
		{B12EB35F-4729-45CB-AFE6-93794A476CC0}.Debug|x64.ActiveCfg = Debug|Any CPU
		{B12EB35F-4729-45CB-AFE6-93794A476CC0}.Debug|x64.Build.0 = Debug|Any CPU
		{B12EB35F-4729-45CB-AFE6-93794A476CC0}.Debug|x86.ActiveCfg = Debug|Any CPU
		{B12EB35F-4729-45CB-AFE6-93794A476CC0}.Debug|x86.Build.0 = Debug|Any CPU
		{B12EB35F-4729-45CB-AFE6-93794A476CC0}.Release|Any CPU.ActiveCfg = Release|Any CPU
		{B12EB35F-4729-45CB-AFE6-93794A476CC0}.Release|Any CPU.Build.0 = Release|Any CPU
		{B12EB35F-4729-45CB-AFE6-93794A476CC0}.Release|x64.ActiveCfg = Release|Any CPU
		{B12EB35F-4729-45CB-AFE6-93794A476CC0}.Release|x64.Build.0 = Release|Any CPU
		{B12EB35F-4729-45CB-AFE6-93794A476CC0}.Release|x86.ActiveCfg = Release|Any CPU
		{B12EB35F-4729-45CB-AFE6-93794A476CC0}.Release|x86.Build.0 = Release|Any CPU
	EndGlobalSection
	GlobalSection(SolutionProperties) = preSolution
		HideSolutionNode = FALSE
	EndGlobalSection
EndGlobal
